// !$*UTF8*$!
{
	archiveVersion = 1;
	classes = {
	};
	objectVersion = 48;
	objects = {

/* Begin PBXBuildFile section */
		5A2DAE6B1F37A64200D0182A /* AppDelegate.swift in Sources */ = {isa = PBXBuildFile; fileRef = 5A2DAE6A1F37A64200D0182A /* AppDelegate.swift */; };
		5A2DAE6D1F37A64200D0182A /* ViewController.swift in Sources */ = {isa = PBXBuildFile; fileRef = 5A2DAE6C1F37A64200D0182A /* ViewController.swift */; };
		5A2DAE701F37A64200D0182A /* Main.storyboard in Resources */ = {isa = PBXBuildFile; fileRef = 5A2DAE6E1F37A64200D0182A /* Main.storyboard */; };
		5A2DAE721F37A64200D0182A /* Assets.xcassets in Resources */ = {isa = PBXBuildFile; fileRef = 5A2DAE711F37A64200D0182A /* Assets.xcassets */; };
		5A2DAE751F37A64200D0182A /* LaunchScreen.storyboard in Resources */ = {isa = PBXBuildFile; fileRef = 5A2DAE731F37A64200D0182A /* LaunchScreen.storyboard */; };
/* End PBXBuildFile section */

/* Begin PBXFileReference section */
		5A2DAE671F37A64200D0182A /* Animate Movement.app */ = {isa = PBXFileReference; explicitFileType = wrapper.application; includeInIndex = 0; path = "Animate Movement.app"; sourceTree = BUILT_PRODUCTS_DIR; };
		5A2DAE6A1F37A64200D0182A /* AppDelegate.swift */ = {isa = PBXFileReference; lastKnownFileType = sourcecode.swift; path = AppDelegate.swift; sourceTree = "<group>"; };
		5A2DAE6C1F37A64200D0182A /* ViewController.swift */ = {isa = PBXFileReference; lastKnownFileType = sourcecode.swift; path = ViewController.swift; sourceTree = "<group>"; };
		5A2DAE6F1F37A64200D0182A /* Base */ = {isa = PBXFileReference; lastKnownFileType = file.storyboard; name = Base; path = Base.lproj/Main.storyboard; sourceTree = "<group>"; };
		5A2DAE711F37A64200D0182A /* Assets.xcassets */ = {isa = PBXFileReference; lastKnownFileType = folder.assetcatalog; path = Assets.xcassets; sourceTree = "<group>"; };
		5A2DAE741F37A64200D0182A /* Base */ = {isa = PBXFileReference; lastKnownFileType = file.storyboard; name = Base; path = Base.lproj/LaunchScreen.storyboard; sourceTree = "<group>"; };
		5A2DAE761F37A64200D0182A /* Info.plist */ = {isa = PBXFileReference; lastKnownFileType = text.plist.xml; path = Info.plist; sourceTree = "<group>"; };
/* End PBXFileReference section */

/* Begin PBXFrameworksBuildPhase section */
		5A2DAE641F37A64200D0182A /* Frameworks */ = {
			isa = PBXFrameworksBuildPhase;
			buildActionMask = 2147483647;
			files = (
			);
			runOnlyForDeploymentPostprocessing = 0;
		};
/* End PBXFrameworksBuildPhase section */

/* Begin PBXGroup section */
		5A2DAE5E1F37A64200D0182A = {
			isa = PBXGroup;
			children = (
				5A2DAE691F37A64200D0182A /* Animate Movement */,
				5A2DAE681F37A64200D0182A /* Products */,
			);
			sourceTree = "<group>";
		};
		5A2DAE681F37A64200D0182A /* Products */ = {
			isa = PBXGroup;
			children = (
				5A2DAE671F37A64200D0182A /* Animate Movement.app */,
			);
			name = Products;
			sourceTree = "<group>";
		};
		5A2DAE691F37A64200D0182A /* Animate Movement */ = {
			isa = PBXGroup;
			children = (
				5A2DAE6A1F37A64200D0182A /* AppDelegate.swift */,
				5A2DAE6C1F37A64200D0182A /* ViewController.swift */,
				5A2DAE6E1F37A64200D0182A /* Main.storyboard */,
				5A2DAE711F37A64200D0182A /* Assets.xcassets */,
				5A2DAE731F37A64200D0182A /* LaunchScreen.storyboard */,
				5A2DAE761F37A64200D0182A /* Info.plist */,
			);
			path = "Animate Movement";
			sourceTree = "<group>";
		};
/* End PBXGroup section */

/* Begin PBXNativeTarget section */
		5A2DAE661F37A64200D0182A /* Animate Movement */ = {
			isa = PBXNativeTarget;
			buildConfigurationList = 5A2DAE791F37A64200D0182A /* Build configuration list for PBXNativeTarget "Animate Movement" */;
			buildPhases = (
				5A2DAE631F37A64200D0182A /* Sources */,
				5A2DAE641F37A64200D0182A /* Frameworks */,
				5A2DAE651F37A64200D0182A /* Resources */,
			);
			buildRules = (
			);
			dependencies = (
			);
			name = "Animate Movement";
			productName = "Animate Movement";
			productReference = 5A2DAE671F37A64200D0182A /* Animate Movement.app */;
			productType = "com.apple.product-type.application";
		};
/* End PBXNativeTarget section */

/* Begin PBXProject section */
		5A2DAE5F1F37A64200D0182A /* Project object */ = {
			isa = PBXProject;
			attributes = {
				LastSwiftUpdateCheck = 0900;
				LastUpgradeCheck = 0900;
				ORGANIZATIONNAME = "Kyle Lee";
				TargetAttributes = {
					5A2DAE661F37A64200D0182A = {
						CreatedOnToolsVersion = 9.0;
					};
				};
			};
			buildConfigurationList = 5A2DAE621F37A64200D0182A /* Build configuration list for PBXProject "Animate Movement" */;
			compatibilityVersion = "Xcode 8.0";
			developmentRegion = en;
			hasScannedForEncodings = 0;
			knownRegions = (
				en,
				Base,
			);
			mainGroup = 5A2DAE5E1F37A64200D0182A;
			productRefGroup = 5A2DAE681F37A64200D0182A /* Products */;
			projectDirPath = "";
			projectRoot = "";
			targets = (
				5A2DAE661F37A64200D0182A /* Animate Movement */,
			);
		};
/* End PBXProject section */

/* Begin PBXResourcesBuildPhase section */
		5A2DAE651F37A64200D0182A /* Resources */ = {
			isa = PBXResourcesBuildPhase;
			buildActionMask = 2147483647;
			files = (
				5A2DAE751F37A64200D0182A /* LaunchScreen.storyboard in Resources */,
				5A2DAE721F37A64200D0182A /* Assets.xcassets in Resources */,
				5A2DAE701F37A64200D0182A /* Main.storyboard in Resources */,
			);
			runOnlyForDeploymentPostprocessing = 0;
		};
/* End PBXResourcesBuildPhase section */

/* Begin PBXSourcesBuildPhase section */
		5A2DAE631F37A64200D0182A /* Sources */ = {
			isa = PBXSourcesBuildPhase;
			buildActionMask = 2147483647;
			files = (
				5A2DAE6D1F37A64200D0182A /* ViewController.swift in Sources */,
				5A2DAE6B1F37A64200D0182A /* AppDelegate.swift in Sources */,
			);
			runOnlyForDeploymentPostprocessing = 0;
		};
/* End PBXSourcesBuildPhase section */

/* Begin PBXVariantGroup section */
		5A2DAE6E1F37A64200D0182A /* Main.storyboard */ = {
			isa = PBXVariantGroup;
			children = (
				5A2DAE6F1F37A64200D0182A /* Base */,
			);
			name = Main.storyboard;
			sourceTree = "<group>";
		};
		5A2DAE731F37A64200D0182A /* LaunchScreen.storyboard */ = {
			isa = PBXVariantGroup;
			children = (
				5A2DAE741F37A64200D0182A /* Base */,
			);
			name = LaunchScreen.storyboard;
			sourceTree = "<group>";
		};
/* End PBXVariantGroup section */

/* Begin XCBuildConfiguration section */
		5A2DAE771F37A64200D0182A /* Debug */ = {
			isa = XCBuildConfiguration;
			buildSettings = {
				ALWAYS_SEARCH_USER_PATHS = NO;
				CLANG_ANALYZER_NONNULL = YES;
				CLANG_ANALYZER_NUMBER_OBJECT_CONVERSION = YES_AGGRESSIVE;
				CLANG_CXX_LANGUAGE_STANDARD = "gnu++14";
				CLANG_CXX_LIBRARY = "libc++";
				CLANG_ENABLE_MODULES = YES;
				CLANG_ENABLE_OBJC_ARC = YES;
				CLANG_WARN_BLOCK_CAPTURE_AUTORELEASING = YES;
				CLANG_WARN_BOOL_CONVERSION = YES;
				CLANG_WARN_COMMA = YES;
				CLANG_WARN_CONSTANT_CONVERSION = YES;
				CLANG_WARN_DIRECT_OBJC_ISA_USAGE = YES_ERROR;
				CLANG_WARN_DOCUMENTATION_COMMENTS = YES;
				CLANG_WARN_EMPTY_BODY = YES;
				CLANG_WARN_ENUM_CONVERSION = YES;
				CLANG_WARN_INFINITE_RECURSION = YES;
				CLANG_WARN_INT_CONVERSION = YES;
				CLANG_WARN_OBJC_ROOT_CLASS = YES_ERROR;
				CLANG_WARN_RANGE_LOOP_ANALYSIS = YES;
				CLANG_WARN_STRICT_PROTOTYPES = YES;
				CLANG_WARN_SUSPICIOUS_MOVE = YES;
				CLANG_WARN_UNGUARDED_AVAILABILITY = YES_AGGRESSIVE;
				CLANG_WARN_UNREACHABLE_CODE = YES;
				CLANG_WARN__DUPLICATE_METHOD_MATCH = YES;
				CODE_SIGN_IDENTITY = "iPhone Developer";
				COPY_PHASE_STRIP = NO;
				DEBUG_INFORMATION_FORMAT = dwarf;
				ENABLE_STRICT_OBJC_MSGSEND = YES;
				ENABLE_TESTABILITY = YES;
				GCC_C_LANGUAGE_STANDARD = gnu11;
				GCC_DYNAMIC_NO_PIC = NO;
				GCC_NO_COMMON_BLOCKS = YES;
				GCC_OPTIMIZATION_LEVEL = 0;
				GCC_PREPROCESSOR_DEFINITIONS = (
					"DEBUG=1",
					"$(inherited)",
				);
				GCC_WARN_64_TO_32_BIT_CONVERSION = YES;
				GCC_WARN_ABOUT_RETURN_TYPE = YES_ERROR;
				GCC_WARN_UNDECLARED_SELECTOR = YES;
				GCC_WARN_UNINITIALIZED_AUTOS = YES_AGGRESSIVE;
				GCC_WARN_UNUSED_FUNCTION = YES;
				GCC_WARN_UNUSED_VARIABLE = YES;
				IPHONEOS_DEPLOYMENT_TARGET = 11.0;
				MTL_ENABLE_DEBUG_INFO = YES;
				ONLY_ACTIVE_ARCH = YES;
				SDKROOT = iphoneos;
				SWIFT_ACTIVE_COMPILATION_CONDITIONS = DEBUG;
				SWIFT_OPTIMIZATION_LEVEL = "-Onone";
			};
			name = Debug;
		};
		5A2DAE781F37A64200D0182A /* Release */ = {
			isa = XCBuildConfiguration;
			buildSettings = {
				ALWAYS_SEARCH_USER_PATHS = NO;
				CLANG_ANALYZER_NONNULL = YES;
				CLANG_ANALYZER_NUMBER_OBJECT_CONVERSION = YES_AGGRESSIVE;
				CLANG_CXX_LANGUAGE_STANDARD = "gnu++14";
				CLANG_CXX_LIBRARY = "libc++";
				CLANG_ENABLE_MODULES = YES;
				CLANG_ENABLE_OBJC_ARC = YES;
				CLANG_WARN_BLOCK_CAPTURE_AUTORELEASING = YES;
				CLANG_WARN_BOOL_CONVERSION = YES;
				CLANG_WARN_COMMA = YES;
				CLANG_WARN_CONSTANT_CONVERSION = YES;
				CLANG_WARN_DIRECT_OBJC_ISA_USAGE = YES_ERROR;
				CLANG_WARN_DOCUMENTATION_COMMENTS = YES;
				CLANG_WARN_EMPTY_BODY = YES;
				CLANG_WARN_ENUM_CONVERSION = YES;
				CLANG_WARN_INFINITE_RECURSION = YES;
				CLANG_WARN_INT_CONVERSION = YES;
				CLANG_WARN_OBJC_ROOT_CLASS = YES_ERROR;
				CLANG_WARN_RANGE_LOOP_ANALYSIS = YES;
				CLANG_WARN_STRICT_PROTOTYPES = YES;
				CLANG_WARN_SUSPICIOUS_MOVE = YES;
				CLANG_WARN_UNGUARDED_AVAILABILITY = YES_AGGRESSIVE;
				CLANG_WARN_UNREACHABLE_CODE = YES;
				CLANG_WARN__DUPLICATE_METHOD_MATCH = YES;
				CODE_SIGN_IDENTITY = "iPhone Developer";
				COPY_PHASE_STRIP = NO;
				DEBUG_INFORMATION_FORMAT = "dwarf-with-dsym";
				ENABLE_NS_ASSERTIONS = NO;
				ENABLE_STRICT_OBJC_MSGSEND = YES;
				GCC_C_LANGUAGE_STANDARD = gnu11;
				GCC_NO_COMMON_BLOCKS = YES;
				GCC_WARN_64_TO_32_BIT_CONVERSION = YES;
				GCC_WARN_ABOUT_RETURN_TYPE = YES_ERROR;
				GCC_WARN_UNDECLARED_SELECTOR = YES;
				GCC_WARN_UNINITIALIZED_AUTOS = YES_AGGRESSIVE;
				GCC_WARN_UNUSED_FUNCTION = YES;
				GCC_WARN_UNUSED_VARIABLE = YES;
				IPHONEOS_DEPLOYMENT_TARGET = 11.0;
				MTL_ENABLE_DEBUG_INFO = NO;
				SDKROOT = iphoneos;
				SWIFT_OPTIMIZATION_LEVEL = "-Owholemodule";
				VALIDATE_PRODUCT = YES;
			};
			name = Release;
		};
		5A2DAE7A1F37A64200D0182A /* Debug */ = {
			isa = XCBuildConfiguration;
			buildSettings = {
				ASSETCATALOG_COMPILER_APPICON_NAME = AppIcon;
				DEVELOPMENT_TEAM = 5K99777NES;
				INFOPLIST_FILE = "Animate Movement/Info.plist";
				LD_RUNPATH_SEARCH_PATHS = "$(inherited) @executable_path/Frameworks";
				PRODUCT_BUNDLE_IDENTIFIER = "com.kiloloco.Animate-Movement";
				PRODUCT_NAME = "$(TARGET_NAME)";
				SWIFT_VERSION = 4.0;
				TARGETED_DEVICE_FAMILY = "1,2";
			};
			name = Debug;
		};
		5A2DAE7B1F37A64200D0182A /* Release */ = {
			isa = XCBuildConfiguration;
			buildSettings = {
				ASSETCATALOG_COMPILER_APPICON_NAME = AppIcon;
				DEVELOPMENT_TEAM = 5K99777NES;
				INFOPLIST_FILE = "Animate Movement/Info.plist";
				LD_RUNPATH_SEARCH_PATHS = "$(inherited) @executable_path/Frameworks";
				PRODUCT_BUNDLE_IDENTIFIER = "com.kiloloco.Animate-Movement";
				PRODUCT_NAME = "$(TARGET_NAME)";
				SWIFT_VERSION = 4.0;
				TARGETED_DEVICE_FAMILY = "1,2";
			};
			name = Release;
		};
/* End XCBuildConfiguration section */

/* Begin XCConfigurationList section */
		5A2DAE621F37A64200D0182A /* Build configuration list for PBXProject "Animate Movement" */ = {
			isa = XCConfigurationList;
			buildConfigurations = (
				5A2DAE771F37A64200D0182A /* Debug */,
				5A2DAE781F37A64200D0182A /* Release */,
			);
			defaultConfigurationIsVisible = 0;
			defaultConfigurationName = Release;
		};
		5A2DAE791F37A64200D0182A /* Build configuration list for PBXNativeTarget "Animate Movement" */ = {
			isa = XCConfigurationList;
			buildConfigurations = (
				5A2DAE7A1F37A64200D0182A /* Debug */,
				5A2DAE7B1F37A64200D0182A /* Release */,
			);
			defaultConfigurationIsVisible = 0;
		};
/* End XCConfigurationList section */
	};
	rootObject = 5A2DAE5F1F37A64200D0182A /* Project object */;
}
